
Microsoft Visual Studio Solution File, Format Version 12.00
# Visual Studio Version 17
VisualStudioVersion = 17.14.36221.1
MinimumVisualStudioVersion = 10.0.40219.1
Project("{2150E333-8FDC-42A3-9474-1A3956D46DE8}") = "1. Distribuição", "1. Distribuição", "{02EA681E-C7D8-13C7-8484-4AC65E1B71E8}"
EndProject
Project("{2150E333-8FDC-42A3-9474-1A3956D46DE8}") = "2. Core", "2. Core", "{E83E1175-04B2-4CDD-8725-3DA63078448D}"
EndProject
Project("{2150E333-8FDC-42A3-9474-1A3956D46DE8}") = "3. Infraestrutura", "3. Infraestrutura", "{9F35C40C-4FA3-4AC1-81A2-680C4A4C7984}"
EndProject
Project("{FAE04EC0-301F-11D3-BF4B-00C04F79EFBC}") = "GestaoDeEstacionamento.WebApi", "web-api\GestaoDeEstacionamento.WebApi.csproj", "{A0123344-73B0-D212-6AC0-36577BAC2356}"
EndProject
Project("{FAE04EC0-301F-11D3-BF4B-00C04F79EFBC}") = "GestaoDeEstacionamento.Core.Aplicacao", "core\aplicacao\GestaoDeEstacionamento.Core.Aplicacao.csproj", "{23130A6B-8B2F-ECEB-BBFE-4D702C9CB074}"
EndProject
Project("{FAE04EC0-301F-11D3-BF4B-00C04F79EFBC}") = "GestaoDeEstacionamento.Core.Dominio", "core\dominio\GestaoDeEstacionamento.Core.Dominio.csproj", "{A50D8BC2-8BA1-26B8-D6B1-72B5B854E3BD}"
EndProject
Project("{FAE04EC0-301F-11D3-BF4B-00C04F79EFBC}") = "GestaoDeEstacionamento.Infraestrutura.Orm", "insfraestrutura\orm\GestaoDeEstacionamento.Infraestrutura.Orm.csproj", "{88879063-EE49-1674-AE5F-684AADE5D362}"
EndProject
Project("{E53339B2-1760-4266-BCC7-CA923CBCF16C}") = "docker-compose", "docker-compose.dcproj", "{81DDED9D-158B-E303-5F62-77A2896D2A5A}"
EndProject
Project("{2150E333-8FDC-42A3-9474-1A3956D46DE8}") = "4. Testes", "4. Testes", "{62F8E40E-EEED-4316-80BF-6F889F5A5634}"
EndProject
Project("{FAE04EC0-301F-11D3-BF4B-00C04F79EFBC}") = "GestaoDeEstacionamento.Teste.Integracao", "teste\GestaoDeEstacionamento.Teste.Integracao\GestaoDeEstacionamento.Teste.Integracao.csproj", "{2F8F7C65-1023-4628-83BE-69F1D9F6638B}"
EndProject
Global
	GlobalSection(SolutionConfigurationPlatforms) = preSolution
		Debug|Any CPU = Debug|Any CPU
		Release|Any CPU = Release|Any CPU
	EndGlobalSection
	GlobalSection(ProjectConfigurationPlatforms) = postSolution
		{A0123344-73B0-D212-6AC0-36577BAC2356}.Debug|Any CPU.ActiveCfg = Debug|Any CPU
		{A0123344-73B0-D212-6AC0-36577BAC2356}.Debug|Any CPU.Build.0 = Debug|Any CPU
		{A0123344-73B0-D212-6AC0-36577BAC2356}.Release|Any CPU.ActiveCfg = Release|Any CPU
		{A0123344-73B0-D212-6AC0-36577BAC2356}.Release|Any CPU.Build.0 = Release|Any CPU
		{23130A6B-8B2F-ECEB-BBFE-4D702C9CB074}.Debug|Any CPU.ActiveCfg = Debug|Any CPU
		{23130A6B-8B2F-ECEB-BBFE-4D702C9CB074}.Debug|Any CPU.Build.0 = Debug|Any CPU
		{23130A6B-8B2F-ECEB-BBFE-4D702C9CB074}.Release|Any CPU.ActiveCfg = Release|Any CPU
		{23130A6B-8B2F-ECEB-BBFE-4D702C9CB074}.Release|Any CPU.Build.0 = Release|Any CPU
		{A50D8BC2-8BA1-26B8-D6B1-72B5B854E3BD}.Debug|Any CPU.ActiveCfg = Debug|Any CPU
		{A50D8BC2-8BA1-26B8-D6B1-72B5B854E3BD}.Debug|Any CPU.Build.0 = Debug|Any CPU
		{A50D8BC2-8BA1-26B8-D6B1-72B5B854E3BD}.Release|Any CPU.ActiveCfg = Release|Any CPU
		{A50D8BC2-8BA1-26B8-D6B1-72B5B854E3BD}.Release|Any CPU.Build.0 = Release|Any CPU
		{88879063-EE49-1674-AE5F-684AADE5D362}.Debug|Any CPU.ActiveCfg = Debug|Any CPU
		{88879063-EE49-1674-AE5F-684AADE5D362}.Debug|Any CPU.Build.0 = Debug|Any CPU
		{88879063-EE49-1674-AE5F-684AADE5D362}.Release|Any CPU.ActiveCfg = Release|Any CPU
		{88879063-EE49-1674-AE5F-684AADE5D362}.Release|Any CPU.Build.0 = Release|Any CPU
		{81DDED9D-158B-E303-5F62-77A2896D2A5A}.Debug|Any CPU.ActiveCfg = Debug|Any CPU
		{81DDED9D-158B-E303-5F62-77A2896D2A5A}.Debug|Any CPU.Build.0 = Debug|Any CPU
		{81DDED9D-158B-E303-5F62-77A2896D2A5A}.Release|Any CPU.ActiveCfg = Release|Any CPU
		{81DDED9D-158B-E303-5F62-77A2896D2A5A}.Release|Any CPU.Build.0 = Release|Any CPU
		{2F8F7C65-1023-4628-83BE-69F1D9F6638B}.Debug|Any CPU.ActiveCfg = Debug|Any CPU
		{2F8F7C65-1023-4628-83BE-69F1D9F6638B}.Debug|Any CPU.Build.0 = Debug|Any CPU
		{2F8F7C65-1023-4628-83BE-69F1D9F6638B}.Release|Any CPU.ActiveCfg = Release|Any CPU
		{2F8F7C65-1023-4628-83BE-69F1D9F6638B}.Release|Any CPU.Build.0 = Release|Any CPU
	EndGlobalSection
	GlobalSection(SolutionProperties) = preSolution
		HideSolutionNode = FALSE
	EndGlobalSection
	GlobalSection(NestedProjects) = preSolution
		{A0123344-73B0-D212-6AC0-36577BAC2356} = {02EA681E-C7D8-13C7-8484-4AC65E1B71E8}
		{23130A6B-8B2F-ECEB-BBFE-4D702C9CB074} = {E83E1175-04B2-4CDD-8725-3DA63078448D}
		{A50D8BC2-8BA1-26B8-D6B1-72B5B854E3BD} = {E83E1175-04B2-4CDD-8725-3DA63078448D}
		{88879063-EE49-1674-AE5F-684AADE5D362} = {9F35C40C-4FA3-4AC1-81A2-680C4A4C7984}
		{2F8F7C65-1023-4628-83BE-69F1D9F6638B} = {62F8E40E-EEED-4316-80BF-6F889F5A5634}
	EndGlobalSection
	GlobalSection(ExtensibilityGlobals) = postSolution
		SolutionGuid = {DFE55DB3-0DC2-4AA5-87EF-0DE818DDF55B}
	EndGlobalSection
EndGlobal
